// !$*UTF8*$!
{
	archiveVersion = 1;
	classes = {
	};
	objectVersion = 56;
	objects = {

/* Begin PBXBuildFile section */
		813F4ABF2A69CFF500214A41 /* CleaningTimeApp.swift in Sources */ = {isa = PBXBuildFile; fileRef = 813F4ABE2A69CFF500214A41 /* CleaningTimeApp.swift */; };
		813F4AC12A69CFF500214A41 /* MainView.swift in Sources */ = {isa = PBXBuildFile; fileRef = 813F4AC02A69CFF500214A41 /* MainView.swift */; };
		813F4AC32A69CFF900214A41 /* Assets.xcassets in Resources */ = {isa = PBXBuildFile; fileRef = 813F4AC22A69CFF900214A41 /* Assets.xcassets */; };
		813F4AC62A69CFF900214A41 /* Preview Assets.xcassets in Resources */ = {isa = PBXBuildFile; fileRef = 813F4AC52A69CFF900214A41 /* Preview Assets.xcassets */; };
		81A879912A6BBBA4005CA72A /* FirebaseAuth in Frameworks */ = {isa = PBXBuildFile; productRef = 81A879902A6BBBA4005CA72A /* FirebaseAuth */; };
		81A879932A6BBBA4005CA72A /* FirebaseFirestore in Frameworks */ = {isa = PBXBuildFile; productRef = 81A879922A6BBBA4005CA72A /* FirebaseFirestore */; };
		81A879952A6BBBA4005CA72A /* FirebaseFirestoreSwift in Frameworks */ = {isa = PBXBuildFile; productRef = 81A879942A6BBBA4005CA72A /* FirebaseFirestoreSwift */; };
		81A879992A6BBC9F005CA72A /* GoogleService-Info.plist in Resources */ = {isa = PBXBuildFile; fileRef = 81A879982A6BBC9E005CA72A /* GoogleService-Info.plist */; };
		81A879A02A6BC2B5005CA72A /* ProfileView.swift in Sources */ = {isa = PBXBuildFile; fileRef = 81A8799F2A6BC2B5005CA72A /* ProfileView.swift */; };
		81A879A22A6BC2CC005CA72A /* ToDoListView.swift in Sources */ = {isa = PBXBuildFile; fileRef = 81A879A12A6BC2CC005CA72A /* ToDoListView.swift */; };
		81A879A42A6BC2E7005CA72A /* NewItemView.swift in Sources */ = {isa = PBXBuildFile; fileRef = 81A879A32A6BC2E7005CA72A /* NewItemView.swift */; };
		81A879A62A6BC2F4005CA72A /* LoginView.swift in Sources */ = {isa = PBXBuildFile; fileRef = 81A879A52A6BC2F4005CA72A /* LoginView.swift */; };
		81A879A82A6BC309005CA72A /* RegisterView.swift in Sources */ = {isa = PBXBuildFile; fileRef = 81A879A72A6BC309005CA72A /* RegisterView.swift */; };
		81A879AA2A6BC36B005CA72A /* ToDoListItemView.swift in Sources */ = {isa = PBXBuildFile; fileRef = 81A879A92A6BC36B005CA72A /* ToDoListItemView.swift */; };
		81A879AC2A6BC3B9005CA72A /* User.swift in Sources */ = {isa = PBXBuildFile; fileRef = 81A879AB2A6BC3B9005CA72A /* User.swift */; };
		81A879AE2A6BC3CA005CA72A /* ToDoListItem.swift in Sources */ = {isa = PBXBuildFile; fileRef = 81A879AD2A6BC3CA005CA72A /* ToDoListItem.swift */; };
		81A879B02A6BC423005CA72A /* MainViewViewModel.swift in Sources */ = {isa = PBXBuildFile; fileRef = 81A879AF2A6BC423005CA72A /* MainViewViewModel.swift */; };
		81A879B22A6BC440005CA72A /* ProfileViewViewModel.swift in Sources */ = {isa = PBXBuildFile; fileRef = 81A879B12A6BC440005CA72A /* ProfileViewViewModel.swift */; };
		81A879B42A6BC45A005CA72A /* ToDoListViewViewModel.swift in Sources */ = {isa = PBXBuildFile; fileRef = 81A879B32A6BC45A005CA72A /* ToDoListViewViewModel.swift */; };
		81A879B62A6BC471005CA72A /* NewItemViewViewModel.swift in Sources */ = {isa = PBXBuildFile; fileRef = 81A879B52A6BC471005CA72A /* NewItemViewViewModel.swift */; };
		81A879B82A6BC48D005CA72A /* LoginViewViewModel.swift in Sources */ = {isa = PBXBuildFile; fileRef = 81A879B72A6BC48D005CA72A /* LoginViewViewModel.swift */; };
		81A879BA2A6BC4A1005CA72A /* RegisterViewViewModel.swift in Sources */ = {isa = PBXBuildFile; fileRef = 81A879B92A6BC4A1005CA72A /* RegisterViewViewModel.swift */; };
		81A879BC2A6BC4C6005CA72A /* ToDoListItemViewViewModel.swift in Sources */ = {isa = PBXBuildFile; fileRef = 81A879BB2A6BC4C6005CA72A /* ToDoListItemViewViewModel.swift */; };
		81A879BE2A6BD2D1005CA72A /* HeaderView.swift in Sources */ = {isa = PBXBuildFile; fileRef = 81A879BD2A6BD2D1005CA72A /* HeaderView.swift */; };
		81A879C02A6BFAD1005CA72A /* CTButton.swift in Sources */ = {isa = PBXBuildFile; fileRef = 81A879BF2A6BFAD1005CA72A /* CTButton.swift */; };
		81A879C22A6C154C005CA72A /* Extensions.swift in Sources */ = {isa = PBXBuildFile; fileRef = 81A879C12A6C154C005CA72A /* Extensions.swift */; };
/* End PBXBuildFile section */

/* Begin PBXFileReference section */
		813F4ABB2A69CFF500214A41 /* CleaningTime.app */ = {isa = PBXFileReference; explicitFileType = wrapper.application; includeInIndex = 0; path = CleaningTime.app; sourceTree = BUILT_PRODUCTS_DIR; };
		813F4ABE2A69CFF500214A41 /* CleaningTimeApp.swift */ = {isa = PBXFileReference; lastKnownFileType = sourcecode.swift; path = CleaningTimeApp.swift; sourceTree = "<group>"; };
		813F4AC02A69CFF500214A41 /* MainView.swift */ = {isa = PBXFileReference; lastKnownFileType = sourcecode.swift; path = MainView.swift; sourceTree = "<group>"; };
		813F4AC22A69CFF900214A41 /* Assets.xcassets */ = {isa = PBXFileReference; lastKnownFileType = folder.assetcatalog; path = Assets.xcassets; sourceTree = "<group>"; };
		813F4AC52A69CFF900214A41 /* Preview Assets.xcassets */ = {isa = PBXFileReference; lastKnownFileType = folder.assetcatalog; path = "Preview Assets.xcassets"; sourceTree = "<group>"; };
		81A879982A6BBC9E005CA72A /* GoogleService-Info.plist */ = {isa = PBXFileReference; fileEncoding = 4; lastKnownFileType = text.plist.xml; name = "GoogleService-Info.plist"; path = "../../../../Downloads/GoogleService-Info.plist"; sourceTree = "<group>"; };
		81A8799E2A6BC099005CA72A /* GoogleService-Info.plist */ = {isa = PBXFileReference; lastKnownFileType = text.plist.xml; path = "GoogleService-Info.plist"; sourceTree = "<group>"; };
		81A8799F2A6BC2B5005CA72A /* ProfileView.swift */ = {isa = PBXFileReference; lastKnownFileType = sourcecode.swift; path = ProfileView.swift; sourceTree = "<group>"; };
		81A879A12A6BC2CC005CA72A /* ToDoListView.swift */ = {isa = PBXFileReference; lastKnownFileType = sourcecode.swift; path = ToDoListView.swift; sourceTree = "<group>"; };
		81A879A32A6BC2E7005CA72A /* NewItemView.swift */ = {isa = PBXFileReference; lastKnownFileType = sourcecode.swift; path = NewItemView.swift; sourceTree = "<group>"; };
		81A879A52A6BC2F4005CA72A /* LoginView.swift */ = {isa = PBXFileReference; lastKnownFileType = sourcecode.swift; path = LoginView.swift; sourceTree = "<group>"; };
		81A879A72A6BC309005CA72A /* RegisterView.swift */ = {isa = PBXFileReference; lastKnownFileType = sourcecode.swift; path = RegisterView.swift; sourceTree = "<group>"; };
		81A879A92A6BC36B005CA72A /* ToDoListItemView.swift */ = {isa = PBXFileReference; lastKnownFileType = sourcecode.swift; path = ToDoListItemView.swift; sourceTree = "<group>"; };
		81A879AB2A6BC3B9005CA72A /* User.swift */ = {isa = PBXFileReference; lastKnownFileType = sourcecode.swift; path = User.swift; sourceTree = "<group>"; };
		81A879AD2A6BC3CA005CA72A /* ToDoListItem.swift */ = {isa = PBXFileReference; lastKnownFileType = sourcecode.swift; path = ToDoListItem.swift; sourceTree = "<group>"; };
		81A879AF2A6BC423005CA72A /* MainViewViewModel.swift */ = {isa = PBXFileReference; lastKnownFileType = sourcecode.swift; path = MainViewViewModel.swift; sourceTree = "<group>"; };
		81A879B12A6BC440005CA72A /* ProfileViewViewModel.swift */ = {isa = PBXFileReference; lastKnownFileType = sourcecode.swift; path = ProfileViewViewModel.swift; sourceTree = "<group>"; };
		81A879B32A6BC45A005CA72A /* ToDoListViewViewModel.swift */ = {isa = PBXFileReference; lastKnownFileType = sourcecode.swift; path = ToDoListViewViewModel.swift; sourceTree = "<group>"; };
		81A879B52A6BC471005CA72A /* NewItemViewViewModel.swift */ = {isa = PBXFileReference; lastKnownFileType = sourcecode.swift; path = NewItemViewViewModel.swift; sourceTree = "<group>"; };
		81A879B72A6BC48D005CA72A /* LoginViewViewModel.swift */ = {isa = PBXFileReference; lastKnownFileType = sourcecode.swift; path = LoginViewViewModel.swift; sourceTree = "<group>"; };
		81A879B92A6BC4A1005CA72A /* RegisterViewViewModel.swift */ = {isa = PBXFileReference; lastKnownFileType = sourcecode.swift; path = RegisterViewViewModel.swift; sourceTree = "<group>"; };
		81A879BB2A6BC4C6005CA72A /* ToDoListItemViewViewModel.swift */ = {isa = PBXFileReference; lastKnownFileType = sourcecode.swift; path = ToDoListItemViewViewModel.swift; sourceTree = "<group>"; };
		81A879BD2A6BD2D1005CA72A /* HeaderView.swift */ = {isa = PBXFileReference; lastKnownFileType = sourcecode.swift; path = HeaderView.swift; sourceTree = "<group>"; };
		81A879BF2A6BFAD1005CA72A /* CTButton.swift */ = {isa = PBXFileReference; lastKnownFileType = sourcecode.swift; path = CTButton.swift; sourceTree = "<group>"; };
		81A879C12A6C154C005CA72A /* Extensions.swift */ = {isa = PBXFileReference; lastKnownFileType = sourcecode.swift; path = Extensions.swift; sourceTree = "<group>"; };
/* End PBXFileReference section */

/* Begin PBXFrameworksBuildPhase section */
		813F4AB82A69CFF500214A41 /* Frameworks */ = {
			isa = PBXFrameworksBuildPhase;
			buildActionMask = 2147483647;
			files = (
				81A879912A6BBBA4005CA72A /* FirebaseAuth in Frameworks */,
				81A879932A6BBBA4005CA72A /* FirebaseFirestore in Frameworks */,
				81A879952A6BBBA4005CA72A /* FirebaseFirestoreSwift in Frameworks */,
			);
			runOnlyForDeploymentPostprocessing = 0;
		};
/* End PBXFrameworksBuildPhase section */

/* Begin PBXGroup section */
		813F4AB22A69CFF500214A41 = {
			isa = PBXGroup;
			children = (
				813F4ABD2A69CFF500214A41 /* CleaningTime */,
				813F4ABC2A69CFF500214A41 /* Products */,
			);
			sourceTree = "<group>";
		};
		813F4ABC2A69CFF500214A41 /* Products */ = {
			isa = PBXGroup;
			children = (
				813F4ABB2A69CFF500214A41 /* CleaningTime.app */,
			);
			name = Products;
			sourceTree = "<group>";
		};
		813F4ABD2A69CFF500214A41 /* CleaningTime */ = {
			isa = PBXGroup;
			children = (
				81A8799D2A6BC074005CA72A /* Other */,
				81A8799C2A6BC062005CA72A /* Views */,
				81A8799B2A6BC04E005CA72A /* ViewModels */,
				81A8799A2A6BC03C005CA72A /* Models */,
				81A879982A6BBC9E005CA72A /* GoogleService-Info.plist */,
				813F4AC42A69CFF900214A41 /* Preview Content */,
			);
			path = CleaningTime;
			sourceTree = "<group>";
		};
		813F4AC42A69CFF900214A41 /* Preview Content */ = {
			isa = PBXGroup;
			children = (
				813F4AC52A69CFF900214A41 /* Preview Assets.xcassets */,
			);
			path = "Preview Content";
			sourceTree = "<group>";
		};
		81A8799A2A6BC03C005CA72A /* Models */ = {
			isa = PBXGroup;
			children = (
				81A879AB2A6BC3B9005CA72A /* User.swift */,
				81A879AD2A6BC3CA005CA72A /* ToDoListItem.swift */,
			);
			path = Models;
			sourceTree = "<group>";
		};
		81A8799B2A6BC04E005CA72A /* ViewModels */ = {
			isa = PBXGroup;
			children = (
				81A879AF2A6BC423005CA72A /* MainViewViewModel.swift */,
				81A879B12A6BC440005CA72A /* ProfileViewViewModel.swift */,
				81A879B32A6BC45A005CA72A /* ToDoListViewViewModel.swift */,
				81A879B52A6BC471005CA72A /* NewItemViewViewModel.swift */,
				81A879B72A6BC48D005CA72A /* LoginViewViewModel.swift */,
				81A879B92A6BC4A1005CA72A /* RegisterViewViewModel.swift */,
				81A879BB2A6BC4C6005CA72A /* ToDoListItemViewViewModel.swift */,
			);
			path = ViewModels;
			sourceTree = "<group>";
		};
		81A8799C2A6BC062005CA72A /* Views */ = {
			isa = PBXGroup;
			children = (
				813F4AC02A69CFF500214A41 /* MainView.swift */,
				81A8799F2A6BC2B5005CA72A /* ProfileView.swift */,
				81A879A12A6BC2CC005CA72A /* ToDoListView.swift */,
				81A879A32A6BC2E7005CA72A /* NewItemView.swift */,
				81A879A52A6BC2F4005CA72A /* LoginView.swift */,
				81A879A72A6BC309005CA72A /* RegisterView.swift */,
				81A879A92A6BC36B005CA72A /* ToDoListItemView.swift */,
				81A879BD2A6BD2D1005CA72A /* HeaderView.swift */,
				81A879BF2A6BFAD1005CA72A /* CTButton.swift */,
			);
			path = Views;
			sourceTree = "<group>";
		};
		81A8799D2A6BC074005CA72A /* Other */ = {
			isa = PBXGroup;
			children = (
				813F4AC22A69CFF900214A41 /* Assets.xcassets */,
				813F4ABE2A69CFF500214A41 /* CleaningTimeApp.swift */,
				81A8799E2A6BC099005CA72A /* GoogleService-Info.plist */,
				81A879C12A6C154C005CA72A /* Extensions.swift */,
			);
			path = Other;
			sourceTree = "<group>";
		};
/* End PBXGroup section */

/* Begin PBXNativeTarget section */
		813F4ABA2A69CFF500214A41 /* CleaningTime */ = {
			isa = PBXNativeTarget;
			buildConfigurationList = 813F4AC92A69CFF900214A41 /* Build configuration list for PBXNativeTarget "CleaningTime" */;
			buildPhases = (
				813F4AB72A69CFF500214A41 /* Sources */,
				813F4AB82A69CFF500214A41 /* Frameworks */,
				813F4AB92A69CFF500214A41 /* Resources */,
			);
			buildRules = (
			);
			dependencies = (
			);
			name = CleaningTime;
			packageProductDependencies = (
				81A879902A6BBBA4005CA72A /* FirebaseAuth */,
				81A879922A6BBBA4005CA72A /* FirebaseFirestore */,
				81A879942A6BBBA4005CA72A /* FirebaseFirestoreSwift */,
			);
			productName = CleaningTime;
			productReference = 813F4ABB2A69CFF500214A41 /* CleaningTime.app */;
			productType = "com.apple.product-type.application";
		};
/* End PBXNativeTarget section */

/* Begin PBXProject section */
		813F4AB32A69CFF500214A41 /* Project object */ = {
			isa = PBXProject;
			attributes = {
				BuildIndependentTargetsInParallel = 1;
				LastSwiftUpdateCheck = 1430;
				LastUpgradeCheck = 1430;
				TargetAttributes = {
					813F4ABA2A69CFF500214A41 = {
						CreatedOnToolsVersion = 14.3.1;
					};
				};
			};
			buildConfigurationList = 813F4AB62A69CFF500214A41 /* Build configuration list for PBXProject "CleaningTime" */;
			compatibilityVersion = "Xcode 14.0";
			developmentRegion = en;
			hasScannedForEncodings = 0;
			knownRegions = (
				en,
				Base,
			);
			mainGroup = 813F4AB22A69CFF500214A41;
			packageReferences = (
				81A8798F2A6BBBA4005CA72A /* XCRemoteSwiftPackageReference "firebase-ios-sdk" */,
			);
			productRefGroup = 813F4ABC2A69CFF500214A41 /* Products */;
			projectDirPath = "";
			projectRoot = "";
			targets = (
				813F4ABA2A69CFF500214A41 /* CleaningTime */,
			);
		};
/* End PBXProject section */

/* Begin PBXResourcesBuildPhase section */
		813F4AB92A69CFF500214A41 /* Resources */ = {
			isa = PBXResourcesBuildPhase;
			buildActionMask = 2147483647;
			files = (
				813F4AC62A69CFF900214A41 /* Preview Assets.xcassets in Resources */,
				813F4AC32A69CFF900214A41 /* Assets.xcassets in Resources */,
				81A879992A6BBC9F005CA72A /* GoogleService-Info.plist in Resources */,
			);
			runOnlyForDeploymentPostprocessing = 0;
		};
/* End PBXResourcesBuildPhase section */

/* Begin PBXSourcesBuildPhase section */
		813F4AB72A69CFF500214A41 /* Sources */ = {
			isa = PBXSourcesBuildPhase;
			buildActionMask = 2147483647;
			files = (
				81A879A62A6BC2F4005CA72A /* LoginView.swift in Sources */,
				81A879BE2A6BD2D1005CA72A /* HeaderView.swift in Sources */,
				813F4AC12A69CFF500214A41 /* MainView.swift in Sources */,
				81A879BA2A6BC4A1005CA72A /* RegisterViewViewModel.swift in Sources */,
				81A879C02A6BFAD1005CA72A /* CTButton.swift in Sources */,
				81A879B02A6BC423005CA72A /* MainViewViewModel.swift in Sources */,
				81A879A22A6BC2CC005CA72A /* ToDoListView.swift in Sources */,
				81A879A82A6BC309005CA72A /* RegisterView.swift in Sources */,
				81A879B22A6BC440005CA72A /* ProfileViewViewModel.swift in Sources */,
				81A879A02A6BC2B5005CA72A /* ProfileView.swift in Sources */,
				81A879AC2A6BC3B9005CA72A /* User.swift in Sources */,
				81A879AA2A6BC36B005CA72A /* ToDoListItemView.swift in Sources */,
				81A879B42A6BC45A005CA72A /* ToDoListViewViewModel.swift in Sources */,
				81A879B82A6BC48D005CA72A /* LoginViewViewModel.swift in Sources */,
				813F4ABF2A69CFF500214A41 /* CleaningTimeApp.swift in Sources */,
				81A879C22A6C154C005CA72A /* Extensions.swift in Sources */,
				81A879AE2A6BC3CA005CA72A /* ToDoListItem.swift in Sources */,
				81A879A42A6BC2E7005CA72A /* NewItemView.swift in Sources */,
				81A879B62A6BC471005CA72A /* NewItemViewViewModel.swift in Sources */,
				81A879BC2A6BC4C6005CA72A /* ToDoListItemViewViewModel.swift in Sources */,
			);
			runOnlyForDeploymentPostprocessing = 0;
		};
/* End PBXSourcesBuildPhase section */

/* Begin XCBuildConfiguration section */
		813F4AC72A69CFF900214A41 /* Debug */ = {
			isa = XCBuildConfiguration;
			buildSettings = {
				ALWAYS_SEARCH_USER_PATHS = NO;
				CLANG_ANALYZER_NONNULL = YES;
				CLANG_ANALYZER_NUMBER_OBJECT_CONVERSION = YES_AGGRESSIVE;
				CLANG_CXX_LANGUAGE_STANDARD = "gnu++20";
				CLANG_ENABLE_MODULES = YES;
				CLANG_ENABLE_OBJC_ARC = YES;
				CLANG_ENABLE_OBJC_WEAK = YES;
				CLANG_WARN_BLOCK_CAPTURE_AUTORELEASING = YES;
				CLANG_WARN_BOOL_CONVERSION = YES;
				CLANG_WARN_COMMA = YES;
				CLANG_WARN_CONSTANT_CONVERSION = YES;
				CLANG_WARN_DEPRECATED_OBJC_IMPLEMENTATIONS = YES;
				CLANG_WARN_DIRECT_OBJC_ISA_USAGE = YES_ERROR;
				CLANG_WARN_DOCUMENTATION_COMMENTS = YES;
				CLANG_WARN_EMPTY_BODY = YES;
				CLANG_WARN_ENUM_CONVERSION = YES;
				CLANG_WARN_INFINITE_RECURSION = YES;
				CLANG_WARN_INT_CONVERSION = YES;
				CLANG_WARN_NON_LITERAL_NULL_CONVERSION = YES;
				CLANG_WARN_OBJC_IMPLICIT_RETAIN_SELF = YES;
				CLANG_WARN_OBJC_LITERAL_CONVERSION = YES;
				CLANG_WARN_OBJC_ROOT_CLASS = YES_ERROR;
				CLANG_WARN_QUOTED_INCLUDE_IN_FRAMEWORK_HEADER = YES;
				CLANG_WARN_RANGE_LOOP_ANALYSIS = YES;
				CLANG_WARN_STRICT_PROTOTYPES = YES;
				CLANG_WARN_SUSPICIOUS_MOVE = YES;
				CLANG_WARN_UNGUARDED_AVAILABILITY = YES_AGGRESSIVE;
				CLANG_WARN_UNREACHABLE_CODE = YES;
				CLANG_WARN__DUPLICATE_METHOD_MATCH = YES;
				COPY_PHASE_STRIP = NO;
				DEBUG_INFORMATION_FORMAT = dwarf;
				ENABLE_STRICT_OBJC_MSGSEND = YES;
				ENABLE_TESTABILITY = YES;
				GCC_C_LANGUAGE_STANDARD = gnu11;
				GCC_DYNAMIC_NO_PIC = NO;
				GCC_NO_COMMON_BLOCKS = YES;
				GCC_OPTIMIZATION_LEVEL = 0;
				GCC_PREPROCESSOR_DEFINITIONS = (
					"DEBUG=1",
					"$(inherited)",
				);
				GCC_WARN_64_TO_32_BIT_CONVERSION = YES;
				GCC_WARN_ABOUT_RETURN_TYPE = YES_ERROR;
				GCC_WARN_UNDECLARED_SELECTOR = YES;
				GCC_WARN_UNINITIALIZED_AUTOS = YES_AGGRESSIVE;
				GCC_WARN_UNUSED_FUNCTION = YES;
				GCC_WARN_UNUSED_VARIABLE = YES;
				IPHONEOS_DEPLOYMENT_TARGET = 16.4;
				MTL_ENABLE_DEBUG_INFO = INCLUDE_SOURCE;
				MTL_FAST_MATH = YES;
				ONLY_ACTIVE_ARCH = YES;
				SDKROOT = iphoneos;
				SWIFT_ACTIVE_COMPILATION_CONDITIONS = DEBUG;
				SWIFT_OPTIMIZATION_LEVEL = "-Onone";
			};
			name = Debug;
		};
		813F4AC82A69CFF900214A41 /* Release */ = {
			isa = XCBuildConfiguration;
			buildSettings = {
				ALWAYS_SEARCH_USER_PATHS = NO;
				CLANG_ANALYZER_NONNULL = YES;
				CLANG_ANALYZER_NUMBER_OBJECT_CONVERSION = YES_AGGRESSIVE;
				CLANG_CXX_LANGUAGE_STANDARD = "gnu++20";
				CLANG_ENABLE_MODULES = YES;
				CLANG_ENABLE_OBJC_ARC = YES;
				CLANG_ENABLE_OBJC_WEAK = YES;
				CLANG_WARN_BLOCK_CAPTURE_AUTORELEASING = YES;
				CLANG_WARN_BOOL_CONVERSION = YES;
				CLANG_WARN_COMMA = YES;
				CLANG_WARN_CONSTANT_CONVERSION = YES;
				CLANG_WARN_DEPRECATED_OBJC_IMPLEMENTATIONS = YES;
				CLANG_WARN_DIRECT_OBJC_ISA_USAGE = YES_ERROR;
				CLANG_WARN_DOCUMENTATION_COMMENTS = YES;
				CLANG_WARN_EMPTY_BODY = YES;
				CLANG_WARN_ENUM_CONVERSION = YES;
				CLANG_WARN_INFINITE_RECURSION = YES;
				CLANG_WARN_INT_CONVERSION = YES;
				CLANG_WARN_NON_LITERAL_NULL_CONVERSION = YES;
				CLANG_WARN_OBJC_IMPLICIT_RETAIN_SELF = YES;
				CLANG_WARN_OBJC_LITERAL_CONVERSION = YES;
				CLANG_WARN_OBJC_ROOT_CLASS = YES_ERROR;
				CLANG_WARN_QUOTED_INCLUDE_IN_FRAMEWORK_HEADER = YES;
				CLANG_WARN_RANGE_LOOP_ANALYSIS = YES;
				CLANG_WARN_STRICT_PROTOTYPES = YES;
				CLANG_WARN_SUSPICIOUS_MOVE = YES;
				CLANG_WARN_UNGUARDED_AVAILABILITY = YES_AGGRESSIVE;
				CLANG_WARN_UNREACHABLE_CODE = YES;
				CLANG_WARN__DUPLICATE_METHOD_MATCH = YES;
				COPY_PHASE_STRIP = NO;
				DEBUG_INFORMATION_FORMAT = "dwarf-with-dsym";
				ENABLE_NS_ASSERTIONS = NO;
				ENABLE_STRICT_OBJC_MSGSEND = YES;
				GCC_C_LANGUAGE_STANDARD = gnu11;
				GCC_NO_COMMON_BLOCKS = YES;
				GCC_WARN_64_TO_32_BIT_CONVERSION = YES;
				GCC_WARN_ABOUT_RETURN_TYPE = YES_ERROR;
				GCC_WARN_UNDECLARED_SELECTOR = YES;
				GCC_WARN_UNINITIALIZED_AUTOS = YES_AGGRESSIVE;
				GCC_WARN_UNUSED_FUNCTION = YES;
				GCC_WARN_UNUSED_VARIABLE = YES;
				IPHONEOS_DEPLOYMENT_TARGET = 16.4;
				MTL_ENABLE_DEBUG_INFO = NO;
				MTL_FAST_MATH = YES;
				SDKROOT = iphoneos;
				SWIFT_COMPILATION_MODE = wholemodule;
				SWIFT_OPTIMIZATION_LEVEL = "-O";
				VALIDATE_PRODUCT = YES;
			};
			name = Release;
		};
		813F4ACA2A69CFF900214A41 /* Debug */ = {
			isa = XCBuildConfiguration;
			buildSettings = {
				ASSETCATALOG_COMPILER_APPICON_NAME = AppIcon;
				ASSETCATALOG_COMPILER_GLOBAL_ACCENT_COLOR_NAME = AccentColor;
				CODE_SIGN_STYLE = Automatic;
				CURRENT_PROJECT_VERSION = 1;
				DEVELOPMENT_ASSET_PATHS = "\"CleaningTime/Preview Content\"";
				ENABLE_PREVIEWS = YES;
				GENERATE_INFOPLIST_FILE = YES;
				INFOPLIST_KEY_CFBundleDisplayName = "Cleaning TIme";
				INFOPLIST_KEY_UIApplicationSceneManifest_Generation = YES;
				INFOPLIST_KEY_UIApplicationSupportsIndirectInputEvents = YES;
				INFOPLIST_KEY_UILaunchScreen_Generation = YES;
				INFOPLIST_KEY_UISupportedInterfaceOrientations = UIInterfaceOrientationPortrait;
				LD_RUNPATH_SEARCH_PATHS = (
					"$(inherited)",
					"@executable_path/Frameworks",
				);
				MARKETING_VERSION = 1.0;
				PRODUCT_BUNDLE_IDENTIFIER = ladhar.CleaningTime;
				PRODUCT_NAME = "$(TARGET_NAME)";
				SWIFT_EMIT_LOC_STRINGS = YES;
				SWIFT_VERSION = 5.0;
				TARGETED_DEVICE_FAMILY = "1,2";
			};
			name = Debug;
		};
		813F4ACB2A69CFF900214A41 /* Release */ = {
			isa = XCBuildConfiguration;
			buildSettings = {
				ASSETCATALOG_COMPILER_APPICON_NAME = AppIcon;
				ASSETCATALOG_COMPILER_GLOBAL_ACCENT_COLOR_NAME = AccentColor;
				CODE_SIGN_STYLE = Automatic;
				CURRENT_PROJECT_VERSION = 1;
				DEVELOPMENT_ASSET_PATHS = "\"CleaningTime/Preview Content\"";
				ENABLE_PREVIEWS = YES;
				GENERATE_INFOPLIST_FILE = YES;
				INFOPLIST_KEY_CFBundleDisplayName = "Cleaning TIme";
				INFOPLIST_KEY_UIApplicationSceneManifest_Generation = YES;
				INFOPLIST_KEY_UIApplicationSupportsIndirectInputEvents = YES;
				INFOPLIST_KEY_UILaunchScreen_Generation = YES;
				INFOPLIST_KEY_UISupportedInterfaceOrientations = UIInterfaceOrientationPortrait;
				LD_RUNPATH_SEARCH_PATHS = (
					"$(inherited)",
					"@executable_path/Frameworks",
				);
				MARKETING_VERSION = 1.0;
				PRODUCT_BUNDLE_IDENTIFIER = ladhar.CleaningTime;
				PRODUCT_NAME = "$(TARGET_NAME)";
				SWIFT_EMIT_LOC_STRINGS = YES;
				SWIFT_VERSION = 5.0;
				TARGETED_DEVICE_FAMILY = "1,2";
			};
			name = Release;
		};
/* End XCBuildConfiguration section */

/* Begin XCConfigurationList section */
		813F4AB62A69CFF500214A41 /* Build configuration list for PBXProject "CleaningTime" */ = {
			isa = XCConfigurationList;
			buildConfigurations = (
				813F4AC72A69CFF900214A41 /* Debug */,
				813F4AC82A69CFF900214A41 /* Release */,
			);
			defaultConfigurationIsVisible = 0;
			defaultConfigurationName = Release;
		};
		813F4AC92A69CFF900214A41 /* Build configuration list for PBXNativeTarget "CleaningTime" */ = {
			isa = XCConfigurationList;
			buildConfigurations = (
				813F4ACA2A69CFF900214A41 /* Debug */,
				813F4ACB2A69CFF900214A41 /* Release */,
			);
			defaultConfigurationIsVisible = 0;
			defaultConfigurationName = Release;
		};
/* End XCConfigurationList section */

/* Begin XCRemoteSwiftPackageReference section */
		81A8798F2A6BBBA4005CA72A /* XCRemoteSwiftPackageReference "firebase-ios-sdk" */ = {
			isa = XCRemoteSwiftPackageReference;
			repositoryURL = "https://github.com/firebase/firebase-ios-sdk";
			requirement = {
				kind = upToNextMajorVersion;
				minimumVersion = 10.0.0;
			};
		};
/* End XCRemoteSwiftPackageReference section */

/* Begin XCSwiftPackageProductDependency section */
		81A879902A6BBBA4005CA72A /* FirebaseAuth */ = {
			isa = XCSwiftPackageProductDependency;
			package = 81A8798F2A6BBBA4005CA72A /* XCRemoteSwiftPackageReference "firebase-ios-sdk" */;
			productName = FirebaseAuth;
		};
		81A879922A6BBBA4005CA72A /* FirebaseFirestore */ = {
			isa = XCSwiftPackageProductDependency;
			package = 81A8798F2A6BBBA4005CA72A /* XCRemoteSwiftPackageReference "firebase-ios-sdk" */;
			productName = FirebaseFirestore;
		};
		81A879942A6BBBA4005CA72A /* FirebaseFirestoreSwift */ = {
			isa = XCSwiftPackageProductDependency;
			package = 81A8798F2A6BBBA4005CA72A /* XCRemoteSwiftPackageReference "firebase-ios-sdk" */;
			productName = FirebaseFirestoreSwift;
		};
/* End XCSwiftPackageProductDependency section */
	};
	rootObject = 813F4AB32A69CFF500214A41 /* Project object */;
}
